{
  "nodes": {
    "flake-utils": {
      "inputs": {
        "systems": "systems"
      },
      "locked": {
        "lastModified": 1726560853,
        "narHash": "sha256-X6rJYSESBVr3hBoH0WbKE5KvhPU5bloyZ2L4K60/fPQ=",
        "owner": "numtide",
        "repo": "flake-utils",
        "rev": "c1dfcf08411b08f6b8615f7d8971a2bfa81d5e8a",
        "type": "github"
      },
      "original": {
        "owner": "numtide",
        "repo": "flake-utils",
        "type": "github"
      }
    },
    "nixpkgs": {
      "locked": {
        "lastModified": 1729973466,
        "narHash": "sha256-knnVBGfTCZlQgxY1SgH0vn2OyehH9ykfF8geZgS95bk=",
        "owner": "nixos",
        "repo": "nixpkgs",
        "rev": "cd3e8833d70618c4eea8df06f95b364b016d4950",
        "type": "github"
      },
      "original": {
        "owner": "nixos",
        "ref": "nixos-24.05",
        "repo": "nixpkgs",
        "type": "github"
      }
    },
    "nixpkgs_2": {
      "locked": {
        "lastModified": 1717362081,
        "narHash": "sha256-fcOjRJzqQ85wdNrh58hPf6PiAq+3/r6srwQubLVk/Vo=",
        "owner": "NixOS",
        "repo": "nixpkgs",
        "rev": "23ca552c959a0cd04b0f880884c04e4293c87986",
        "type": "github"
      },
      "original": {
        "owner": "NixOS",
        "repo": "nixpkgs",
        "type": "github"
      }
    },
    "options-nix": {
      "inputs": {
        "nixpkgs": "nixpkgs_2"
      },
      "locked": {
        "lastModified": 1728216799,
        "narHash": "sha256-4lIR3MRWYiw6uMwgm3ALCjtIytyLJzCzwnT4jNAngyw=",
        "owner": "eum3l",
        "repo": "options.nix",
        "rev": "6d4d8012be73c460d485ee7b807d7c0fd0b14188",
        "type": "github"
      },
      "original": {
        "owner": "eum3l",
        "repo": "options.nix",
        "type": "github"
      }
    },
    "root": {
      "inputs": {
        "flake-utils": "flake-utils",
        "nixpkgs": "nixpkgs",
        "options-nix": "options-nix",
        "src": "src"
      }
    },
    "src": {
      "flake": false,
      "locked": {
        "lastModified": 1730080530,
        "narHash": "sha256-6PFfsPfLzzeaImcteX9u/k5pwe3cvSQwT90TCizA3gI=",
        "owner": "apernet",
        "repo": "OpenGFW",
        "rev": "278d731b6f0df6665e00987fa9e8afa99244d5f6",
        "type": "github"
      },
      "original": {
        "owner": "apernet",
        "ref": "v0.4.1",
        "repo": "OpenGFW",
        "type": "github"
      }
    },
    "systems": {
      "locked": {
        "lastModified": 1681028828,
        "narHash": "sha256-Vy1rq5AaRuLzOxct8nz4T6wlgyUR7zLU309k9mBC768=",
        "owner": "nix-systems",
        "repo": "default",
        "rev": "da67096a3b9bf56a91d16901293e51ba5b49a27e",
        "type": "github"
      },
      "original": {
        "owner": "nix-systems",
        "repo": "default",
        "type": "github"
      }
    }
  },
  "root": "root",
  "version": 7
}
