{
  "nodes": {
    "flake-utils": {
      "inputs": {
        "systems": "systems"
      },
      "locked": {
        "lastModified": 1705309234,
        "narHash": "sha256-uNRRNRKmJyCRC/8y1RqBkqWBLM034y4qN7EprSdmgyA=",
        "owner": "numtide",
        "repo": "flake-utils",
        "rev": "1ef2e671c3b0c19053962c07dbda38332dcebf26",
        "type": "github"
      },
      "original": {
        "owner": "numtide",
        "repo": "flake-utils",
        "type": "github"
      }
    },
    "nixpkgs": {
      "locked": {
        "lastModified": 1715395895,
        "narHash": "sha256-DreMqi6+qa21ffLQqhMQL2XRUkAGt3N7iVB5FhJKie4=",
        "owner": "nixos",
        "repo": "nixpkgs",
        "rev": "71bae31b7dbc335528ca7e96f479ec93462323ff",
        "type": "github"
      },
      "original": {
        "owner": "nixos",
        "ref": "nixos-23.11",
        "repo": "nixpkgs",
        "type": "github"
      }
    },
    "nixpkgs_2": {
      "locked": {
        "lastModified": 1717362081,
        "narHash": "sha256-fcOjRJzqQ85wdNrh58hPf6PiAq+3/r6srwQubLVk/Vo=",
        "owner": "NixOS",
        "repo": "nixpkgs",
        "rev": "23ca552c959a0cd04b0f880884c04e4293c87986",
        "type": "github"
      },
      "original": {
        "owner": "NixOS",
        "repo": "nixpkgs",
        "type": "github"
      }
    },
    "options-nix": {
      "inputs": {
        "nixpkgs": "nixpkgs_2"
      },
      "locked": {
        "lastModified": 1717362952,
        "narHash": "sha256-L13UCPdwHFO6sseVuwZpEFxk/Z5L+KI9a5f01HJ8+9Q=",
        "owner": "eum3l",
        "repo": "options.nix",
        "rev": "f04240ad3bc792b0b91ff658203e097be902077d",
        "type": "github"
      },
      "original": {
        "owner": "eum3l",
        "repo": "options.nix",
        "type": "github"
      }
    },
    "root": {
      "inputs": {
        "flake-utils": "flake-utils",
        "nixpkgs": "nixpkgs",
        "options-nix": "options-nix",
        "src": "src",
        "uspkgs": "uspkgs"
      }
    },
    "src": {
      "flake": false,
      "locked": {
        "lastModified": 1715215255,
        "narHash": "sha256-kmbG6l5CtZGM/zpvl2pukq5xsOIy28RDyb4sHBsoyOw=",
        "owner": "apernet",
        "repo": "OpenGFW",
        "rev": "1de95ed53eec51fe1ab373ac185565092faa9cd7",
        "type": "github"
      },
      "original": {
        "owner": "apernet",
        "ref": "v0.4.0",
        "repo": "OpenGFW",
        "type": "github"
      }
    },
    "systems": {
      "locked": {
        "lastModified": 1681028828,
        "narHash": "sha256-Vy1rq5AaRuLzOxct8nz4T6wlgyUR7zLU309k9mBC768=",
        "owner": "nix-systems",
        "repo": "default",
        "rev": "da67096a3b9bf56a91d16901293e51ba5b49a27e",
        "type": "github"
      },
      "original": {
        "owner": "nix-systems",
        "repo": "default",
        "type": "github"
      }
    },
    "uspkgs": {
      "locked": {
        "lastModified": 1715447595,
        "narHash": "sha256-VsVAUQOj/cS1LCOmMjAGeRksXIAdPnFIjCQ0XLkCsT0=",
        "owner": "nixos",
        "repo": "nixpkgs",
        "rev": "062ca2a9370a27a35c524dc82d540e6e9824b652",
        "type": "github"
      },
      "original": {
        "owner": "nixos",
        "ref": "nixos-unstable",
        "repo": "nixpkgs",
        "type": "github"
      }
    }
  },
  "root": "root",
  "version": 7
}
